// !$*UTF8*$!
{
	archiveVersion = 1;
	classes = {
	};
	objectVersion = 56;
	objects = {

/* Begin PBXBuildFile section */
		8C0C7E342AD13B8D003F229A /* MonyManagmentApp.swift in Sources */ = {isa = PBXBuildFile; fileRef = 8C0C7E332AD13B8D003F229A /* MonyManagmentApp.swift */; };
		8C0C7E362AD13B8D003F229A /* ContentView.swift in Sources */ = {isa = PBXBuildFile; fileRef = 8C0C7E352AD13B8D003F229A /* ContentView.swift */; };
		8C0C7E382AD13B8F003F229A /* Assets.xcassets in Resources */ = {isa = PBXBuildFile; fileRef = 8C0C7E372AD13B8F003F229A /* Assets.xcassets */; };
		8C0C7E3B2AD13B8F003F229A /* Preview Assets.xcassets in Resources */ = {isa = PBXBuildFile; fileRef = 8C0C7E3A2AD13B8F003F229A /* Preview Assets.xcassets */; };
		8C0C7E502AD18C75003F229A /* CardView.swift in Sources */ = {isa = PBXBuildFile; fileRef = 8C0C7E4F2AD18C75003F229A /* CardView.swift */; };
		8C0C7E522AD19207003F229A /* HomeScreen.swift in Sources */ = {isa = PBXBuildFile; fileRef = 8C0C7E512AD19207003F229A /* HomeScreen.swift */; };
		8C0C7E562AD198BC003F229A /* MainToolbar.swift in Sources */ = {isa = PBXBuildFile; fileRef = 8C0C7E552AD198BC003F229A /* MainToolbar.swift */; };
		8C0C7E582AD198E8003F229A /* PagesToolbar.swift in Sources */ = {isa = PBXBuildFile; fileRef = 8C0C7E572AD198E8003F229A /* PagesToolbar.swift */; };
		8C0C7E5A2AD1B187003F229A /* MainTabView.swift in Sources */ = {isa = PBXBuildFile; fileRef = 8C0C7E592AD1B187003F229A /* MainTabView.swift */; };
		8C0C7E5C2AD28E38003F229A /* TransactionsView.swift in Sources */ = {isa = PBXBuildFile; fileRef = 8C0C7E5B2AD28E38003F229A /* TransactionsView.swift */; };
		8C0C7E5E2AD28E92003F229A /* TransactionRow.swift in Sources */ = {isa = PBXBuildFile; fileRef = 8C0C7E5D2AD28E92003F229A /* TransactionRow.swift */; };
		8C0C7E602AD29072003F229A /* TransactionModel.swift in Sources */ = {isa = PBXBuildFile; fileRef = 8C0C7E5F2AD29072003F229A /* TransactionModel.swift */; };
		8C0C7E622AD293AC003F229A /* DateExtension.swift in Sources */ = {isa = PBXBuildFile; fileRef = 8C0C7E612AD293AC003F229A /* DateExtension.swift */; };
		8C569CAD2AD810CB002B1695 /* ProfileRowView.swift in Sources */ = {isa = PBXBuildFile; fileRef = 8C569CAC2AD810CB002B1695 /* ProfileRowView.swift */; };
		8C569CB02AD81366002B1695 /* ProfileItem.swift in Sources */ = {isa = PBXBuildFile; fileRef = 8C569CAF2AD81366002B1695 /* ProfileItem.swift */; };
		8C569CB22ADAC30C002B1695 /* SpendingIncomeView.swift in Sources */ = {isa = PBXBuildFile; fileRef = 8C569CB12ADAC30C002B1695 /* SpendingIncomeView.swift */; };
		8C569CB42ADAD0A3002B1695 /* TimeLineItemView.swift in Sources */ = {isa = PBXBuildFile; fileRef = 8C569CB32ADAD0A3002B1695 /* TimeLineItemView.swift */; };
		8C569CB62ADAD22C002B1695 /* StatisiticsChartsView.swift in Sources */ = {isa = PBXBuildFile; fileRef = 8C569CB52ADAD22C002B1695 /* StatisiticsChartsView.swift */; };
		8C569CB82ADAD268002B1695 /* ExpensesItem.swift in Sources */ = {isa = PBXBuildFile; fileRef = 8C569CB72ADAD268002B1695 /* ExpensesItem.swift */; };
		8C569CBA2ADAFA0B002B1695 /* SpendingCategoriesView.swift in Sources */ = {isa = PBXBuildFile; fileRef = 8C569CB92ADAFA0B002B1695 /* SpendingCategoriesView.swift */; };
		8C569CBC2ADAFABE002B1695 /* SpedningCategoryItemView.swift in Sources */ = {isa = PBXBuildFile; fileRef = 8C569CBB2ADAFABE002B1695 /* SpedningCategoryItemView.swift */; };
		8C569CBE2ADAFC52002B1695 /* SpendingCategoryItem.swift in Sources */ = {isa = PBXBuildFile; fileRef = 8C569CBD2ADAFC52002B1695 /* SpendingCategoryItem.swift */; };
		8C569CC02ADB0432002B1695 /* Extensions.swift in Sources */ = {isa = PBXBuildFile; fileRef = 8C569CBF2ADB0432002B1695 /* Extensions.swift */; };
		8CF8C5B02AD40851009BBDF1 /* CustomTabBarButton.swift in Sources */ = {isa = PBXBuildFile; fileRef = 8CF8C5AF2AD40851009BBDF1 /* CustomTabBarButton.swift */; };
		8CF8C5B22AD40B97009BBDF1 /* ViewRouter.swift in Sources */ = {isa = PBXBuildFile; fileRef = 8CF8C5B12AD40B97009BBDF1 /* ViewRouter.swift */; };
		8CF8C5B62AD40BCF009BBDF1 /* TabBarViewModel.swift in Sources */ = {isa = PBXBuildFile; fileRef = 8CF8C5B52AD40BCF009BBDF1 /* TabBarViewModel.swift */; };
		8CF8C5BA2AD40C1F009BBDF1 /* WalletScreen.swift in Sources */ = {isa = PBXBuildFile; fileRef = 8CF8C5B92AD40C1F009BBDF1 /* WalletScreen.swift */; };
		8CF8C5BE2AD40C52009BBDF1 /* StatisticsScreen.swift in Sources */ = {isa = PBXBuildFile; fileRef = 8CF8C5BD2AD40C52009BBDF1 /* StatisticsScreen.swift */; };
		8CF8C5C22AD40C7E009BBDF1 /* ProfileScreen.swift in Sources */ = {isa = PBXBuildFile; fileRef = 8CF8C5C12AD40C7E009BBDF1 /* ProfileScreen.swift */; };
/* End PBXBuildFile section */

/* Begin PBXFileReference section */
		8C0C7E302AD13B8D003F229A /* BankingApp.app */ = {isa = PBXFileReference; explicitFileType = wrapper.application; includeInIndex = 0; path = BankingApp.app; sourceTree = BUILT_PRODUCTS_DIR; };
		8C0C7E332AD13B8D003F229A /* MonyManagmentApp.swift */ = {isa = PBXFileReference; lastKnownFileType = sourcecode.swift; path = MonyManagmentApp.swift; sourceTree = "<group>"; };
		8C0C7E352AD13B8D003F229A /* ContentView.swift */ = {isa = PBXFileReference; lastKnownFileType = sourcecode.swift; path = ContentView.swift; sourceTree = "<group>"; };
		8C0C7E372AD13B8F003F229A /* Assets.xcassets */ = {isa = PBXFileReference; lastKnownFileType = folder.assetcatalog; path = Assets.xcassets; sourceTree = "<group>"; };
		8C0C7E3A2AD13B8F003F229A /* Preview Assets.xcassets */ = {isa = PBXFileReference; lastKnownFileType = folder.assetcatalog; path = "Preview Assets.xcassets"; sourceTree = "<group>"; };
		8C0C7E4F2AD18C75003F229A /* CardView.swift */ = {isa = PBXFileReference; lastKnownFileType = sourcecode.swift; path = CardView.swift; sourceTree = "<group>"; };
		8C0C7E512AD19207003F229A /* HomeScreen.swift */ = {isa = PBXFileReference; lastKnownFileType = sourcecode.swift; path = HomeScreen.swift; sourceTree = "<group>"; };
		8C0C7E552AD198BC003F229A /* MainToolbar.swift */ = {isa = PBXFileReference; lastKnownFileType = sourcecode.swift; path = MainToolbar.swift; sourceTree = "<group>"; };
		8C0C7E572AD198E8003F229A /* PagesToolbar.swift */ = {isa = PBXFileReference; lastKnownFileType = sourcecode.swift; path = PagesToolbar.swift; sourceTree = "<group>"; };
		8C0C7E592AD1B187003F229A /* MainTabView.swift */ = {isa = PBXFileReference; lastKnownFileType = sourcecode.swift; path = MainTabView.swift; sourceTree = "<group>"; };
		8C0C7E5B2AD28E38003F229A /* TransactionsView.swift */ = {isa = PBXFileReference; lastKnownFileType = sourcecode.swift; path = TransactionsView.swift; sourceTree = "<group>"; };
		8C0C7E5D2AD28E92003F229A /* TransactionRow.swift */ = {isa = PBXFileReference; lastKnownFileType = sourcecode.swift; path = TransactionRow.swift; sourceTree = "<group>"; };
		8C0C7E5F2AD29072003F229A /* TransactionModel.swift */ = {isa = PBXFileReference; lastKnownFileType = sourcecode.swift; path = TransactionModel.swift; sourceTree = "<group>"; };
		8C0C7E612AD293AC003F229A /* DateExtension.swift */ = {isa = PBXFileReference; lastKnownFileType = sourcecode.swift; path = DateExtension.swift; sourceTree = "<group>"; };
		8C569CAC2AD810CB002B1695 /* ProfileRowView.swift */ = {isa = PBXFileReference; lastKnownFileType = sourcecode.swift; path = ProfileRowView.swift; sourceTree = "<group>"; };
		8C569CAF2AD81366002B1695 /* ProfileItem.swift */ = {isa = PBXFileReference; lastKnownFileType = sourcecode.swift; path = ProfileItem.swift; sourceTree = "<group>"; };
		8C569CB12ADAC30C002B1695 /* SpendingIncomeView.swift */ = {isa = PBXFileReference; lastKnownFileType = sourcecode.swift; path = SpendingIncomeView.swift; sourceTree = "<group>"; };
		8C569CB32ADAD0A3002B1695 /* TimeLineItemView.swift */ = {isa = PBXFileReference; lastKnownFileType = sourcecode.swift; path = TimeLineItemView.swift; sourceTree = "<group>"; };
		8C569CB52ADAD22C002B1695 /* StatisiticsChartsView.swift */ = {isa = PBXFileReference; lastKnownFileType = sourcecode.swift; path = StatisiticsChartsView.swift; sourceTree = "<group>"; };
		8C569CB72ADAD268002B1695 /* ExpensesItem.swift */ = {isa = PBXFileReference; lastKnownFileType = sourcecode.swift; path = ExpensesItem.swift; sourceTree = "<group>"; };
		8C569CB92ADAFA0B002B1695 /* SpendingCategoriesView.swift */ = {isa = PBXFileReference; lastKnownFileType = sourcecode.swift; path = SpendingCategoriesView.swift; sourceTree = "<group>"; };
		8C569CBB2ADAFABE002B1695 /* SpedningCategoryItemView.swift */ = {isa = PBXFileReference; lastKnownFileType = sourcecode.swift; path = SpedningCategoryItemView.swift; sourceTree = "<group>"; };
		8C569CBD2ADAFC52002B1695 /* SpendingCategoryItem.swift */ = {isa = PBXFileReference; lastKnownFileType = sourcecode.swift; path = SpendingCategoryItem.swift; sourceTree = "<group>"; };
		8C569CBF2ADB0432002B1695 /* Extensions.swift */ = {isa = PBXFileReference; lastKnownFileType = sourcecode.swift; path = Extensions.swift; sourceTree = "<group>"; };
		8CF8C5AF2AD40851009BBDF1 /* CustomTabBarButton.swift */ = {isa = PBXFileReference; lastKnownFileType = sourcecode.swift; path = CustomTabBarButton.swift; sourceTree = "<group>"; };
		8CF8C5B12AD40B97009BBDF1 /* ViewRouter.swift */ = {isa = PBXFileReference; lastKnownFileType = sourcecode.swift; path = ViewRouter.swift; sourceTree = "<group>"; };
		8CF8C5B52AD40BCF009BBDF1 /* TabBarViewModel.swift */ = {isa = PBXFileReference; lastKnownFileType = sourcecode.swift; path = TabBarViewModel.swift; sourceTree = "<group>"; };
		8CF8C5B92AD40C1F009BBDF1 /* WalletScreen.swift */ = {isa = PBXFileReference; lastKnownFileType = sourcecode.swift; path = WalletScreen.swift; sourceTree = "<group>"; };
		8CF8C5BD2AD40C52009BBDF1 /* StatisticsScreen.swift */ = {isa = PBXFileReference; lastKnownFileType = sourcecode.swift; path = StatisticsScreen.swift; sourceTree = "<group>"; };
		8CF8C5C12AD40C7E009BBDF1 /* ProfileScreen.swift */ = {isa = PBXFileReference; lastKnownFileType = sourcecode.swift; path = ProfileScreen.swift; sourceTree = "<group>"; };
/* End PBXFileReference section */

/* Begin PBXFrameworksBuildPhase section */
		8C0C7E2D2AD13B8D003F229A /* Frameworks */ = {
			isa = PBXFrameworksBuildPhase;
			buildActionMask = 2147483647;
			files = (
			);
			runOnlyForDeploymentPostprocessing = 0;
		};
/* End PBXFrameworksBuildPhase section */

/* Begin PBXGroup section */
		8C0C7E272AD13B8D003F229A = {
			isa = PBXGroup;
			children = (
				8C0C7E322AD13B8D003F229A /* BankingApp */,
				8C0C7E312AD13B8D003F229A /* Products */,
			);
			sourceTree = "<group>";
		};
		8C0C7E312AD13B8D003F229A /* Products */ = {
			isa = PBXGroup;
			children = (
				8C0C7E302AD13B8D003F229A /* BankingApp.app */,
			);
			name = Products;
			sourceTree = "<group>";
		};
		8C0C7E322AD13B8D003F229A /* BankingApp */ = {
			isa = PBXGroup;
			children = (
				8C0C7E412AD13D4A003F229A /* App */,
				8C0C7E422AD13D54003F229A /* Core */,
				8C0C7E452AD13D71003F229A /* Services */,
				8C0C7E442AD13D68003F229A /* Model */,
				8C0C7E432AD13D5E003F229A /* Extesnsions */,
				8C0C7E532AD1987F003F229A /* Components */,
				8C0C7E372AD13B8F003F229A /* Assets.xcassets */,
				8C0C7E392AD13B8F003F229A /* Preview Content */,
			);
			path = BankingApp;
			sourceTree = "<group>";
		};
		8C0C7E392AD13B8F003F229A /* Preview Content */ = {
			isa = PBXGroup;
			children = (
				8C0C7E3A2AD13B8F003F229A /* Preview Assets.xcassets */,
			);
			path = "Preview Content";
			sourceTree = "<group>";
		};
		8C0C7E412AD13D4A003F229A /* App */ = {
			isa = PBXGroup;
			children = (
				8C0C7E332AD13B8D003F229A /* MonyManagmentApp.swift */,
			);
			path = App;
			sourceTree = "<group>";
		};
		8C0C7E422AD13D54003F229A /* Core */ = {
			isa = PBXGroup;
			children = (
				8C0C7E4C2AD13DF8003F229A /* Root */,
				8C0C7E482AD13DD1003F229A /* Authentication */,
				8C0C7E472AD13DC2003F229A /* Home */,
				8C0C7E4B2AD13DEC003F229A /* Wallet */,
				8C0C7E4A2AD13DE3003F229A /* Statisitcs */,
				8C0C7E492AD13DDB003F229A /* Profile */,
			);
			path = Core;
			sourceTree = "<group>";
		};
		8C0C7E432AD13D5E003F229A /* Extesnsions */ = {
			isa = PBXGroup;
			children = (
				8C0C7E612AD293AC003F229A /* DateExtension.swift */,
				8C569CBF2ADB0432002B1695 /* Extensions.swift */,
			);
			path = Extesnsions;
			sourceTree = "<group>";
		};
		8C0C7E442AD13D68003F229A /* Model */ = {
			isa = PBXGroup;
			children = (
				8C569CAF2AD81366002B1695 /* ProfileItem.swift */,
				8C0C7E5F2AD29072003F229A /* TransactionModel.swift */,
				8C569CB72ADAD268002B1695 /* ExpensesItem.swift */,
				8C569CBD2ADAFC52002B1695 /* SpendingCategoryItem.swift */,
			);
			path = Model;
			sourceTree = "<group>";
		};
		8C0C7E452AD13D71003F229A /* Services */ = {
			isa = PBXGroup;
			children = (
			);
			path = Services;
			sourceTree = "<group>";
		};
		8C0C7E472AD13DC2003F229A /* Home */ = {
			isa = PBXGroup;
			children = (
				8C0C7E4E2AD18C50003F229A /* View */,
				8C0C7E4D2AD18C41003F229A /* ViewModel */,
			);
			path = Home;
			sourceTree = "<group>";
		};
		8C0C7E482AD13DD1003F229A /* Authentication */ = {
			isa = PBXGroup;
			children = (
			);
			path = Authentication;
			sourceTree = "<group>";
		};
		8C0C7E492AD13DDB003F229A /* Profile */ = {
			isa = PBXGroup;
			children = (
				8CF8C5C02AD40C6F009BBDF1 /* View */,
				8CF8C5BF2AD40C69009BBDF1 /* ViewModel */,
			);
			path = Profile;
			sourceTree = "<group>";
		};
		8C0C7E4A2AD13DE3003F229A /* Statisitcs */ = {
			isa = PBXGroup;
			children = (
				8CF8C5BC2AD40C3C009BBDF1 /* View */,
				8CF8C5BB2AD40C38009BBDF1 /* ViewModel */,
			);
			path = Statisitcs;
			sourceTree = "<group>";
		};
		8C0C7E4B2AD13DEC003F229A /* Wallet */ = {
			isa = PBXGroup;
			children = (
				8CF8C5B82AD40C0F009BBDF1 /* View */,
				8CF8C5B72AD40C09009BBDF1 /* ViewModel */,
			);
			path = Wallet;
			sourceTree = "<group>";
		};
		8C0C7E4C2AD13DF8003F229A /* Root */ = {
			isa = PBXGroup;
			children = (
				8CF8C5B42AD40BAD009BBDF1 /* View */,
				8CF8C5B32AD40BA3009BBDF1 /* ViewModel */,
			);
			path = Root;
			sourceTree = "<group>";
		};
		8C0C7E4D2AD18C41003F229A /* ViewModel */ = {
			isa = PBXGroup;
			children = (
			);
			path = ViewModel;
			sourceTree = "<group>";
		};
		8C0C7E4E2AD18C50003F229A /* View */ = {
			isa = PBXGroup;
			children = (
				8C0C7E512AD19207003F229A /* HomeScreen.swift */,
				8C0C7E4F2AD18C75003F229A /* CardView.swift */,
				8C0C7E5B2AD28E38003F229A /* TransactionsView.swift */,
				8C0C7E5D2AD28E92003F229A /* TransactionRow.swift */,
			);
			path = View;
			sourceTree = "<group>";
		};
		8C0C7E532AD1987F003F229A /* Components */ = {
			isa = PBXGroup;
			children = (
				8C0C7E542AD198A4003F229A /* View */,
			);
			path = Components;
			sourceTree = "<group>";
		};
		8C0C7E542AD198A4003F229A /* View */ = {
			isa = PBXGroup;
			children = (
				8C0C7E552AD198BC003F229A /* MainToolbar.swift */,
				8C0C7E572AD198E8003F229A /* PagesToolbar.swift */,
				8CF8C5AF2AD40851009BBDF1 /* CustomTabBarButton.swift */,
			);
			path = View;
			sourceTree = "<group>";
		};
		8CF8C5B32AD40BA3009BBDF1 /* ViewModel */ = {
			isa = PBXGroup;
			children = (
				8CF8C5B52AD40BCF009BBDF1 /* TabBarViewModel.swift */,
			);
			path = ViewModel;
			sourceTree = "<group>";
		};
		8CF8C5B42AD40BAD009BBDF1 /* View */ = {
			isa = PBXGroup;
			children = (
				8C0C7E352AD13B8D003F229A /* ContentView.swift */,
				8C0C7E592AD1B187003F229A /* MainTabView.swift */,
				8CF8C5B12AD40B97009BBDF1 /* ViewRouter.swift */,
			);
			path = View;
			sourceTree = "<group>";
		};
		8CF8C5B72AD40C09009BBDF1 /* ViewModel */ = {
			isa = PBXGroup;
			children = (
			);
			path = ViewModel;
			sourceTree = "<group>";
		};
		8CF8C5B82AD40C0F009BBDF1 /* View */ = {
			isa = PBXGroup;
			children = (
				8CF8C5B92AD40C1F009BBDF1 /* WalletScreen.swift */,
			);
			path = View;
			sourceTree = "<group>";
		};
		8CF8C5BB2AD40C38009BBDF1 /* ViewModel */ = {
			isa = PBXGroup;
			children = (
			);
			path = ViewModel;
			sourceTree = "<group>";
		};
		8CF8C5BC2AD40C3C009BBDF1 /* View */ = {
			isa = PBXGroup;
			children = (
				8CF8C5BD2AD40C52009BBDF1 /* StatisticsScreen.swift */,
				8C569CB32ADAD0A3002B1695 /* TimeLineItemView.swift */,
				8C569CB12ADAC30C002B1695 /* SpendingIncomeView.swift */,
				8C569CB52ADAD22C002B1695 /* StatisiticsChartsView.swift */,
				8C569CB92ADAFA0B002B1695 /* SpendingCategoriesView.swift */,
				8C569CBB2ADAFABE002B1695 /* SpedningCategoryItemView.swift */,
			);
			path = View;
			sourceTree = "<group>";
		};
		8CF8C5BF2AD40C69009BBDF1 /* ViewModel */ = {
			isa = PBXGroup;
			children = (
			);
			path = ViewModel;
			sourceTree = "<group>";
		};
		8CF8C5C02AD40C6F009BBDF1 /* View */ = {
			isa = PBXGroup;
			children = (
				8CF8C5C12AD40C7E009BBDF1 /* ProfileScreen.swift */,
				8C569CAC2AD810CB002B1695 /* ProfileRowView.swift */,
			);
			path = View;
			sourceTree = "<group>";
		};
/* End PBXGroup section */

/* Begin PBXNativeTarget section */
		8C0C7E2F2AD13B8D003F229A /* BankingApp */ = {
			isa = PBXNativeTarget;
			buildConfigurationList = 8C0C7E3E2AD13B8F003F229A /* Build configuration list for PBXNativeTarget "BankingApp" */;
			buildPhases = (
				8C0C7E2C2AD13B8D003F229A /* Sources */,
				8C0C7E2D2AD13B8D003F229A /* Frameworks */,
				8C0C7E2E2AD13B8D003F229A /* Resources */,
			);
			buildRules = (
			);
			dependencies = (
			);
			name = BankingApp;
			productName = MonyManagment;
			productReference = 8C0C7E302AD13B8D003F229A /* BankingApp.app */;
			productType = "com.apple.product-type.application";
		};
/* End PBXNativeTarget section */

/* Begin PBXProject section */
		8C0C7E282AD13B8D003F229A /* Project object */ = {
			isa = PBXProject;
			attributes = {
				BuildIndependentTargetsInParallel = 1;
				LastSwiftUpdateCheck = 1430;
				LastUpgradeCheck = 1430;
				TargetAttributes = {
					8C0C7E2F2AD13B8D003F229A = {
						CreatedOnToolsVersion = 14.3.1;
					};
				};
			};
			buildConfigurationList = 8C0C7E2B2AD13B8D003F229A /* Build configuration list for PBXProject "BankingApp" */;
			compatibilityVersion = "Xcode 14.0";
			developmentRegion = en;
			hasScannedForEncodings = 0;
			knownRegions = (
				en,
				Base,
			);
			mainGroup = 8C0C7E272AD13B8D003F229A;
			productRefGroup = 8C0C7E312AD13B8D003F229A /* Products */;
			projectDirPath = "";
			projectRoot = "";
			targets = (
				8C0C7E2F2AD13B8D003F229A /* BankingApp */,
			);
		};
/* End PBXProject section */

/* Begin PBXResourcesBuildPhase section */
		8C0C7E2E2AD13B8D003F229A /* Resources */ = {
			isa = PBXResourcesBuildPhase;
			buildActionMask = 2147483647;
			files = (
				8C0C7E3B2AD13B8F003F229A /* Preview Assets.xcassets in Resources */,
				8C0C7E382AD13B8F003F229A /* Assets.xcassets in Resources */,
			);
			runOnlyForDeploymentPostprocessing = 0;
		};
/* End PBXResourcesBuildPhase section */

/* Begin PBXSourcesBuildPhase section */
		8C0C7E2C2AD13B8D003F229A /* Sources */ = {
			isa = PBXSourcesBuildPhase;
			buildActionMask = 2147483647;
			files = (
				8C0C7E602AD29072003F229A /* TransactionModel.swift in Sources */,
				8C569CC02ADB0432002B1695 /* Extensions.swift in Sources */,
				8C0C7E5E2AD28E92003F229A /* TransactionRow.swift in Sources */,
				8C0C7E362AD13B8D003F229A /* ContentView.swift in Sources */,
				8C569CB82ADAD268002B1695 /* ExpensesItem.swift in Sources */,
				8CF8C5B22AD40B97009BBDF1 /* ViewRouter.swift in Sources */,
				8C0C7E562AD198BC003F229A /* MainToolbar.swift in Sources */,
				8C0C7E582AD198E8003F229A /* PagesToolbar.swift in Sources */,
				8CF8C5BA2AD40C1F009BBDF1 /* WalletScreen.swift in Sources */,
				8C569CAD2AD810CB002B1695 /* ProfileRowView.swift in Sources */,
				8C0C7E522AD19207003F229A /* HomeScreen.swift in Sources */,
				8C569CB22ADAC30C002B1695 /* SpendingIncomeView.swift in Sources */,
				8C569CBA2ADAFA0B002B1695 /* SpendingCategoriesView.swift in Sources */,
				8C569CB62ADAD22C002B1695 /* StatisiticsChartsView.swift in Sources */,
				8CF8C5B02AD40851009BBDF1 /* CustomTabBarButton.swift in Sources */,
				8C0C7E622AD293AC003F229A /* DateExtension.swift in Sources */,
				8C0C7E5A2AD1B187003F229A /* MainTabView.swift in Sources */,
				8C569CB42ADAD0A3002B1695 /* TimeLineItemView.swift in Sources */,
				8CF8C5BE2AD40C52009BBDF1 /* StatisticsScreen.swift in Sources */,
				8C569CBE2ADAFC52002B1695 /* SpendingCategoryItem.swift in Sources */,
				8C0C7E5C2AD28E38003F229A /* TransactionsView.swift in Sources */,
				8C0C7E502AD18C75003F229A /* CardView.swift in Sources */,
				8CF8C5B62AD40BCF009BBDF1 /* TabBarViewModel.swift in Sources */,
				8C0C7E342AD13B8D003F229A /* MonyManagmentApp.swift in Sources */,
				8C569CB02AD81366002B1695 /* ProfileItem.swift in Sources */,
				8CF8C5C22AD40C7E009BBDF1 /* ProfileScreen.swift in Sources */,
				8C569CBC2ADAFABE002B1695 /* SpedningCategoryItemView.swift in Sources */,
			);
			runOnlyForDeploymentPostprocessing = 0;
		};
/* End PBXSourcesBuildPhase section */

/* Begin XCBuildConfiguration section */
		8C0C7E3C2AD13B8F003F229A /* Debug */ = {
			isa = XCBuildConfiguration;
			buildSettings = {
				ALWAYS_SEARCH_USER_PATHS = NO;
				CLANG_ANALYZER_NONNULL = YES;
				CLANG_ANALYZER_NUMBER_OBJECT_CONVERSION = YES_AGGRESSIVE;
				CLANG_CXX_LANGUAGE_STANDARD = "gnu++20";
				CLANG_ENABLE_MODULES = YES;
				CLANG_ENABLE_OBJC_ARC = YES;
				CLANG_ENABLE_OBJC_WEAK = YES;
				CLANG_WARN_BLOCK_CAPTURE_AUTORELEASING = YES;
				CLANG_WARN_BOOL_CONVERSION = YES;
				CLANG_WARN_COMMA = YES;
				CLANG_WARN_CONSTANT_CONVERSION = YES;
				CLANG_WARN_DEPRECATED_OBJC_IMPLEMENTATIONS = YES;
				CLANG_WARN_DIRECT_OBJC_ISA_USAGE = YES_ERROR;
				CLANG_WARN_DOCUMENTATION_COMMENTS = YES;
				CLANG_WARN_EMPTY_BODY = YES;
				CLANG_WARN_ENUM_CONVERSION = YES;
				CLANG_WARN_INFINITE_RECURSION = YES;
				CLANG_WARN_INT_CONVERSION = YES;
				CLANG_WARN_NON_LITERAL_NULL_CONVERSION = YES;
				CLANG_WARN_OBJC_IMPLICIT_RETAIN_SELF = YES;
				CLANG_WARN_OBJC_LITERAL_CONVERSION = YES;
				CLANG_WARN_OBJC_ROOT_CLASS = YES_ERROR;
				CLANG_WARN_QUOTED_INCLUDE_IN_FRAMEWORK_HEADER = YES;
				CLANG_WARN_RANGE_LOOP_ANALYSIS = YES;
				CLANG_WARN_STRICT_PROTOTYPES = YES;
				CLANG_WARN_SUSPICIOUS_MOVE = YES;
				CLANG_WARN_UNGUARDED_AVAILABILITY = YES_AGGRESSIVE;
				CLANG_WARN_UNREACHABLE_CODE = YES;
				CLANG_WARN__DUPLICATE_METHOD_MATCH = YES;
				COPY_PHASE_STRIP = NO;
				DEBUG_INFORMATION_FORMAT = dwarf;
				ENABLE_STRICT_OBJC_MSGSEND = YES;
				ENABLE_TESTABILITY = YES;
				GCC_C_LANGUAGE_STANDARD = gnu11;
				GCC_DYNAMIC_NO_PIC = NO;
				GCC_NO_COMMON_BLOCKS = YES;
				GCC_OPTIMIZATION_LEVEL = 0;
				GCC_PREPROCESSOR_DEFINITIONS = (
					"DEBUG=1",
					"$(inherited)",
				);
				GCC_WARN_64_TO_32_BIT_CONVERSION = YES;
				GCC_WARN_ABOUT_RETURN_TYPE = YES_ERROR;
				GCC_WARN_UNDECLARED_SELECTOR = YES;
				GCC_WARN_UNINITIALIZED_AUTOS = YES_AGGRESSIVE;
				GCC_WARN_UNUSED_FUNCTION = YES;
				GCC_WARN_UNUSED_VARIABLE = YES;
				IPHONEOS_DEPLOYMENT_TARGET = 16.4;
				MTL_ENABLE_DEBUG_INFO = INCLUDE_SOURCE;
				MTL_FAST_MATH = YES;
				ONLY_ACTIVE_ARCH = YES;
				SDKROOT = iphoneos;
				SWIFT_ACTIVE_COMPILATION_CONDITIONS = DEBUG;
				SWIFT_OPTIMIZATION_LEVEL = "-Onone";
			};
			name = Debug;
		};
		8C0C7E3D2AD13B8F003F229A /* Release */ = {
			isa = XCBuildConfiguration;
			buildSettings = {
				ALWAYS_SEARCH_USER_PATHS = NO;
				CLANG_ANALYZER_NONNULL = YES;
				CLANG_ANALYZER_NUMBER_OBJECT_CONVERSION = YES_AGGRESSIVE;
				CLANG_CXX_LANGUAGE_STANDARD = "gnu++20";
				CLANG_ENABLE_MODULES = YES;
				CLANG_ENABLE_OBJC_ARC = YES;
				CLANG_ENABLE_OBJC_WEAK = YES;
				CLANG_WARN_BLOCK_CAPTURE_AUTORELEASING = YES;
				CLANG_WARN_BOOL_CONVERSION = YES;
				CLANG_WARN_COMMA = YES;
				CLANG_WARN_CONSTANT_CONVERSION = YES;
				CLANG_WARN_DEPRECATED_OBJC_IMPLEMENTATIONS = YES;
				CLANG_WARN_DIRECT_OBJC_ISA_USAGE = YES_ERROR;
				CLANG_WARN_DOCUMENTATION_COMMENTS = YES;
				CLANG_WARN_EMPTY_BODY = YES;
				CLANG_WARN_ENUM_CONVERSION = YES;
				CLANG_WARN_INFINITE_RECURSION = YES;
				CLANG_WARN_INT_CONVERSION = YES;
				CLANG_WARN_NON_LITERAL_NULL_CONVERSION = YES;
				CLANG_WARN_OBJC_IMPLICIT_RETAIN_SELF = YES;
				CLANG_WARN_OBJC_LITERAL_CONVERSION = YES;
				CLANG_WARN_OBJC_ROOT_CLASS = YES_ERROR;
				CLANG_WARN_QUOTED_INCLUDE_IN_FRAMEWORK_HEADER = YES;
				CLANG_WARN_RANGE_LOOP_ANALYSIS = YES;
				CLANG_WARN_STRICT_PROTOTYPES = YES;
				CLANG_WARN_SUSPICIOUS_MOVE = YES;
				CLANG_WARN_UNGUARDED_AVAILABILITY = YES_AGGRESSIVE;
				CLANG_WARN_UNREACHABLE_CODE = YES;
				CLANG_WARN__DUPLICATE_METHOD_MATCH = YES;
				COPY_PHASE_STRIP = NO;
				DEBUG_INFORMATION_FORMAT = "dwarf-with-dsym";
				ENABLE_NS_ASSERTIONS = NO;
				ENABLE_STRICT_OBJC_MSGSEND = YES;
				GCC_C_LANGUAGE_STANDARD = gnu11;
				GCC_NO_COMMON_BLOCKS = YES;
				GCC_WARN_64_TO_32_BIT_CONVERSION = YES;
				GCC_WARN_ABOUT_RETURN_TYPE = YES_ERROR;
				GCC_WARN_UNDECLARED_SELECTOR = YES;
				GCC_WARN_UNINITIALIZED_AUTOS = YES_AGGRESSIVE;
				GCC_WARN_UNUSED_FUNCTION = YES;
				GCC_WARN_UNUSED_VARIABLE = YES;
				IPHONEOS_DEPLOYMENT_TARGET = 16.4;
				MTL_ENABLE_DEBUG_INFO = NO;
				MTL_FAST_MATH = YES;
				SDKROOT = iphoneos;
				SWIFT_COMPILATION_MODE = wholemodule;
				SWIFT_OPTIMIZATION_LEVEL = "-O";
				VALIDATE_PRODUCT = YES;
			};
			name = Release;
		};
		8C0C7E3F2AD13B8F003F229A /* Debug */ = {
			isa = XCBuildConfiguration;
			buildSettings = {
				ASSETCATALOG_COMPILER_APPICON_NAME = AppIcon;
				ASSETCATALOG_COMPILER_GLOBAL_ACCENT_COLOR_NAME = AccentColor;
				CODE_SIGN_STYLE = Automatic;
				CURRENT_PROJECT_VERSION = 1;
				DEVELOPMENT_ASSET_PATHS = "\"BankingApp/Preview Content\"";
				DEVELOPMENT_TEAM = FW7GZDUWXY;
				ENABLE_PREVIEWS = YES;
				GENERATE_INFOPLIST_FILE = YES;
				INFOPLIST_KEY_CFBundleDisplayName = "Banking App";
				INFOPLIST_KEY_LSApplicationCategoryType = "public.app-category.finance";
				INFOPLIST_KEY_UIApplicationSceneManifest_Generation = YES;
				INFOPLIST_KEY_UIApplicationSupportsIndirectInputEvents = YES;
				INFOPLIST_KEY_UILaunchScreen_Generation = YES;
				INFOPLIST_KEY_UISupportedInterfaceOrientations_iPad = "UIInterfaceOrientationPortrait UIInterfaceOrientationPortraitUpsideDown UIInterfaceOrientationLandscapeLeft UIInterfaceOrientationLandscapeRight";
				INFOPLIST_KEY_UISupportedInterfaceOrientations_iPhone = "UIInterfaceOrientationPortrait UIInterfaceOrientationLandscapeLeft UIInterfaceOrientationLandscapeRight";
				LD_RUNPATH_SEARCH_PATHS = (
					"$(inherited)",
					"@executable_path/Frameworks",
				);
				MARKETING_VERSION = 1.0;
				PRODUCT_BUNDLE_IDENTIFIER = com.theshawaf.bankingapp;
				PRODUCT_NAME = "$(TARGET_NAME)";
				SWIFT_EMIT_LOC_STRINGS = YES;
				SWIFT_VERSION = 5.0;
				TARGETED_DEVICE_FAMILY = "1,2";
			};
			name = Debug;
		};
		8C0C7E402AD13B8F003F229A /* Release */ = {
			isa = XCBuildConfiguration;
			buildSettings = {
				ASSETCATALOG_COMPILER_APPICON_NAME = AppIcon;
				ASSETCATALOG_COMPILER_GLOBAL_ACCENT_COLOR_NAME = AccentColor;
				CODE_SIGN_STYLE = Automatic;
				CURRENT_PROJECT_VERSION = 1;
				DEVELOPMENT_ASSET_PATHS = "\"BankingApp/Preview Content\"";
				DEVELOPMENT_TEAM = FW7GZDUWXY;
				ENABLE_PREVIEWS = YES;
				GENERATE_INFOPLIST_FILE = YES;
				INFOPLIST_KEY_CFBundleDisplayName = "Banking App";
				INFOPLIST_KEY_LSApplicationCategoryType = "public.app-category.finance";
				INFOPLIST_KEY_UIApplicationSceneManifest_Generation = YES;
				INFOPLIST_KEY_UIApplicationSupportsIndirectInputEvents = YES;
				INFOPLIST_KEY_UILaunchScreen_Generation = YES;
				INFOPLIST_KEY_UISupportedInterfaceOrientations_iPad = "UIInterfaceOrientationPortrait UIInterfaceOrientationPortraitUpsideDown UIInterfaceOrientationLandscapeLeft UIInterfaceOrientationLandscapeRight";
				INFOPLIST_KEY_UISupportedInterfaceOrientations_iPhone = "UIInterfaceOrientationPortrait UIInterfaceOrientationLandscapeLeft UIInterfaceOrientationLandscapeRight";
				LD_RUNPATH_SEARCH_PATHS = (
					"$(inherited)",
					"@executable_path/Frameworks",
				);
				MARKETING_VERSION = 1.0;
				PRODUCT_BUNDLE_IDENTIFIER = com.theshawaf.bankingapp;
				PRODUCT_NAME = "$(TARGET_NAME)";
				SWIFT_EMIT_LOC_STRINGS = YES;
				SWIFT_VERSION = 5.0;
				TARGETED_DEVICE_FAMILY = "1,2";
			};
			name = Release;
		};
/* End XCBuildConfiguration section */

/* Begin XCConfigurationList section */
		8C0C7E2B2AD13B8D003F229A /* Build configuration list for PBXProject "BankingApp" */ = {
			isa = XCConfigurationList;
			buildConfigurations = (
				8C0C7E3C2AD13B8F003F229A /* Debug */,
				8C0C7E3D2AD13B8F003F229A /* Release */,
			);
			defaultConfigurationIsVisible = 0;
			defaultConfigurationName = Release;
		};
		8C0C7E3E2AD13B8F003F229A /* Build configuration list for PBXNativeTarget "BankingApp" */ = {
			isa = XCConfigurationList;
			buildConfigurations = (
				8C0C7E3F2AD13B8F003F229A /* Debug */,
				8C0C7E402AD13B8F003F229A /* Release */,
			);
			defaultConfigurationIsVisible = 0;
			defaultConfigurationName = Release;
		};
/* End XCConfigurationList section */
	};
	rootObject = 8C0C7E282AD13B8D003F229A /* Project object */;
}
